# THIS IS AN AUTOGENERATED FILE. DO NOT EDIT THIS FILE DIRECTLY.
# yarn lockfile v1


"@eigr/spawn-sdk@^1.1.3":
  version "1.1.5"
  resolved "https://registry.yarnpkg.com/@eigr/spawn-sdk/-/spawn-sdk-1.1.5.tgz#92f14c5bb8c1e0b404164d7fc4092af311c94ef6"
  integrity sha512-sgODllN+hKh9Og4Tedgbi99ymBJHw2302O87E2bN9M8vyRosXrBUiGpjXSnmMuVCXjFsOb6639U1ZKYNtSEmiA==
  dependencies:
    "@protobuf-ts/plugin" "^2.7.0"
    node-fetch-native "^1.4.1"
    stoppable "^1.1.0"

"@protobuf-ts/plugin-framework@^2.9.3":
  version "2.9.3"
  resolved "https://registry.yarnpkg.com/@protobuf-ts/plugin-framework/-/plugin-framework-2.9.3.tgz#b4af125a5444a8377d27d99bb7c0214cbf0bbfdc"
  integrity sha512-iqdkhAu7fGPvBCVOoAEEFJ1/oaGIBoNIMgSv2WonTNJVHxv5FvvAfWFn6nG/eta34fHRZT38ZXTaYcMUkv8AiQ==
  dependencies:
    "@protobuf-ts/runtime" "^2.9.3"
    typescript "^3.9"

"@protobuf-ts/plugin@^2.7.0":
  version "2.9.3"
  resolved "https://registry.yarnpkg.com/@protobuf-ts/plugin/-/plugin-2.9.3.tgz#4ea87316a37da421e26d500e846ffe571d6418e6"
  integrity sha512-tHYACv+nnIV2eoiMxeZhrgMqGiUktzUzrhfgnROg/rr8TecPLp9v5/yqNibN+bad5k7d57aqlTuQKhFl+J4W/g==
  dependencies:
    "@protobuf-ts/plugin-framework" "^2.9.3"
    "@protobuf-ts/protoc" "^2.9.3"
    "@protobuf-ts/runtime" "^2.9.3"
    "@protobuf-ts/runtime-rpc" "^2.9.3"
    typescript "^3.9"

"@protobuf-ts/protoc@^2.9.3":
  version "2.9.3"
  resolved "https://registry.yarnpkg.com/@protobuf-ts/protoc/-/protoc-2.9.3.tgz#d2fb66b3482b817554275fb20e9dd0e6c3c3e704"
  integrity sha512-TJ0Ycx/CIBqpB4wpKt6K05kjXj6zv36s/qpdCT/wdJBhpayOVBqLF5NpLp3WIiw1PmIxvqalB6QHKjvnLzGKLA==

"@protobuf-ts/runtime-rpc@^2.9.3":
  version "2.9.3"
  resolved "https://registry.yarnpkg.com/@protobuf-ts/runtime-rpc/-/runtime-rpc-2.9.3.tgz#7316373f2ffc2b5ab4c7e0c1ca0cad0a3c92585d"
  integrity sha512-WelHpctvZeG8yhbb7tnsrLzotq9xjMCXuGuhJ8qMyEdNoBBEodbXseofAYFTebo2/PN2LzyEq3X6vwr5f8jqTA==
  dependencies:
    "@protobuf-ts/runtime" "^2.9.3"

"@protobuf-ts/runtime@^2.9.3":
  version "2.9.3"
  resolved "https://registry.yarnpkg.com/@protobuf-ts/runtime/-/runtime-2.9.3.tgz#b906223debaf42c9bd281e985a9f5652729153a4"
  integrity sha512-nivzCpg/qYD0RX2OmHOahJALb8ndjGmUhNBcTJ0BbXoqKwCSM6vYA+vegzS3rhuaPgbyC7Ec8idlnizzUfIRuw==

bun-types@latest:
  version "1.0.17"
  resolved "https://registry.yarnpkg.com/bun-types/-/bun-types-1.0.17.tgz#82f0b171fc3c84ba2123e26eb8d4b457279c5935"
  integrity sha512-5dj7Pi0qmZB1gaY2LmtKKrKixgnxi/qDcawsA4ttWQhT0jWyecSEB8la7c6DIgrMkJciixAtyLLe3aj0SJaRAw==

node-fetch-native@^1.4.1:
  version "1.4.1"
  resolved "https://registry.yarnpkg.com/node-fetch-native/-/node-fetch-native-1.4.1.tgz#5a336e55b4e1b1e72b9927da09fecd2b374c9be5"
  integrity sha512-NsXBU0UgBxo2rQLOeWNZqS3fvflWePMECr8CoSWoSTqCqGbVVsvl9vZu1HfQicYN0g5piV9Gh8RTEvo/uP752w==

stoppable@^1.1.0:
  version "1.1.0"
  resolved "https://registry.yarnpkg.com/stoppable/-/stoppable-1.1.0.tgz#32da568e83ea488b08e4d7ea2c3bcc9d75015d5b"
  integrity sha512-KXDYZ9dszj6bzvnEMRYvxgeTHU74QBFL54XKtP3nyMuJ81CFYtABZ3bAzL2EdFUaEwJOBOgENyFj3R7oTzDyyw==

typescript@^3.9:
  version "3.9.10"
  resolved "https://registry.yarnpkg.com/typescript/-/typescript-3.9.10.tgz#70f3910ac7a51ed6bef79da7800690b19bf778b8"
  integrity sha512-w6fIxVE/H1PkLKcCPsFqKE7Kv7QUwhU8qQY2MueZXWx5cPZdwFupLgKK3vntcK98BtNHZtAF4LA/yl2a7k8R6Q==
